
Microsoft Visual Studio Solution File, Format Version 12.00
# Visual Studio Version 17
VisualStudioVersion = 17.6.33829.357
MinimumVisualStudioVersion = 10.0.40219.1
Project("{9A19103F-16F7-4668-BE54-9A1E7A4F7556}") = "CloudAppi", "CloudAppi\CloudAppi.csproj", "{C910E881-EA3C-4598-9310-66D8724FB8E5}"
EndProject
Project("{9A19103F-16F7-4668-BE54-9A1E7A4F7556}") = "CloudAppi.Models", "CloudAppi.Models\CloudAppi.Models.csproj", "{7A451921-8CDF-415C-B81B-9A5F7FC2807C}"
EndProject
Project("{9A19103F-16F7-4668-BE54-9A1E7A4F7556}") = "CloudAppi.Repository", "CloudAppi.Repository\CloudAppi.Repository.csproj", "{95D215B5-1EC6-4A40-A930-55ECB9AF3F46}"
EndProject
Project("{9A19103F-16F7-4668-BE54-9A1E7A4F7556}") = "CloudAppi.Service", "CloudAppi.Service\CloudAppi.Service.csproj", "{0FF2DB8C-49A0-4965-B040-2CE2B78C0FC8}"
EndProject
Global
	GlobalSection(SolutionConfigurationPlatforms) = preSolution
		Debug|Any CPU = Debug|Any CPU
		Release|Any CPU = Release|Any CPU
	EndGlobalSection
	GlobalSection(ProjectConfigurationPlatforms) = postSolution
		{C910E881-EA3C-4598-9310-66D8724FB8E5}.Debug|Any CPU.ActiveCfg = Debug|Any CPU
		{C910E881-EA3C-4598-9310-66D8724FB8E5}.Debug|Any CPU.Build.0 = Debug|Any CPU
		{C910E881-EA3C-4598-9310-66D8724FB8E5}.Release|Any CPU.ActiveCfg = Release|Any CPU
		{C910E881-EA3C-4598-9310-66D8724FB8E5}.Release|Any CPU.Build.0 = Release|Any CPU
		{7A451921-8CDF-415C-B81B-9A5F7FC2807C}.Debug|Any CPU.ActiveCfg = Debug|Any CPU
		{7A451921-8CDF-415C-B81B-9A5F7FC2807C}.Debug|Any CPU.Build.0 = Debug|Any CPU
		{7A451921-8CDF-415C-B81B-9A5F7FC2807C}.Release|Any CPU.ActiveCfg = Release|Any CPU
		{7A451921-8CDF-415C-B81B-9A5F7FC2807C}.Release|Any CPU.Build.0 = Release|Any CPU
		{95D215B5-1EC6-4A40-A930-55ECB9AF3F46}.Debug|Any CPU.ActiveCfg = Debug|Any CPU
		{95D215B5-1EC6-4A40-A930-55ECB9AF3F46}.Debug|Any CPU.Build.0 = Debug|Any CPU
		{95D215B5-1EC6-4A40-A930-55ECB9AF3F46}.Release|Any CPU.ActiveCfg = Release|Any CPU
		{95D215B5-1EC6-4A40-A930-55ECB9AF3F46}.Release|Any CPU.Build.0 = Release|Any CPU
		{0FF2DB8C-49A0-4965-B040-2CE2B78C0FC8}.Debug|Any CPU.ActiveCfg = Debug|Any CPU
		{0FF2DB8C-49A0-4965-B040-2CE2B78C0FC8}.Debug|Any CPU.Build.0 = Debug|Any CPU
		{0FF2DB8C-49A0-4965-B040-2CE2B78C0FC8}.Release|Any CPU.ActiveCfg = Release|Any CPU
		{0FF2DB8C-49A0-4965-B040-2CE2B78C0FC8}.Release|Any CPU.Build.0 = Release|Any CPU
	EndGlobalSection
	GlobalSection(SolutionProperties) = preSolution
		HideSolutionNode = FALSE
	EndGlobalSection
	GlobalSection(ExtensibilityGlobals) = postSolution
		SolutionGuid = {9B36DC3E-BD7F-46F3-9E9F-C25275A386FF}
	EndGlobalSection
EndGlobal
